
Microsoft Visual Studio Solution File, Format Version 12.00
# Visual Studio Version 17
VisualStudioVersion = 17.5.33502.453
MinimumVisualStudioVersion = 10.0.40219.1
Project("{FAE04EC0-301F-11D3-BF4B-00C04F79EFBC}") = "Exercise1", "Exercise1.csproj", "{B9D22FF8-7D02-49EB-AC3D-202D7C31A567}"
EndProject
Global
	GlobalSection(SolutionConfigurationPlatforms) = preSolution
		Debug|Any CPU = Debug|Any CPU
		Release|Any CPU = Release|Any CPU
	EndGlobalSection
	GlobalSection(ProjectConfigurationPlatforms) = postSolution
		{B9D22FF8-7D02-49EB-AC3D-202D7C31A567}.Debug|Any CPU.ActiveCfg = Debug|Any CPU
		{B9D22FF8-7D02-49EB-AC3D-202D7C31A567}.Debug|Any CPU.Build.0 = Debug|Any CPU
		{B9D22FF8-7D02-49EB-AC3D-202D7C31A567}.Release|Any CPU.ActiveCfg = Release|Any CPU
		{B9D22FF8-7D02-49EB-AC3D-202D7C31A567}.Release|Any CPU.Build.0 = Release|Any CPU
	EndGlobalSection
	GlobalSection(SolutionProperties) = preSolution
		HideSolutionNode = FALSE
	EndGlobalSection
	GlobalSection(ExtensibilityGlobals) = postSolution
		SolutionGuid = {3F622545-5A2B-4B09-AB02-1F71316E2ACE}
	EndGlobalSection
EndGlobal
